
Microsoft Visual Studio Solution File, Format Version 12.00
# Visual Studio Version 17
VisualStudioVersion = 17.5.33424.131
MinimumVisualStudioVersion = 10.0.40219.1
Project("{FAE04EC0-301F-11D3-BF4B-00C04F79EFBC}") = "Stores.Shared", "Stores.Shared\Stores.Shared.csproj", "{12492C54-0B5A-43E2-B170-3BB601AD1432}"
EndProject
Project("{FAE04EC0-301F-11D3-BF4B-00C04F79EFBC}") = "Stores.API", "Stores.API\Stores.API.csproj", "{DD5D7C6D-E652-4309-8E1D-4C8B4C0AEEFD}"
EndProject
Project("{FAE04EC0-301F-11D3-BF4B-00C04F79EFBC}") = "Stores.Web", "Stores.Web\Stores.Web.csproj", "{91E45FEC-C135-4087-BAE8-7C63A2532275}"
EndProject
Global
	GlobalSection(SolutionConfigurationPlatforms) = preSolution
		Debug|Any CPU = Debug|Any CPU
		Release|Any CPU = Release|Any CPU
	EndGlobalSection
	GlobalSection(ProjectConfigurationPlatforms) = postSolution
		{12492C54-0B5A-43E2-B170-3BB601AD1432}.Debug|Any CPU.ActiveCfg = Debug|Any CPU
		{12492C54-0B5A-43E2-B170-3BB601AD1432}.Debug|Any CPU.Build.0 = Debug|Any CPU
		{12492C54-0B5A-43E2-B170-3BB601AD1432}.Release|Any CPU.ActiveCfg = Release|Any CPU
		{12492C54-0B5A-43E2-B170-3BB601AD1432}.Release|Any CPU.Build.0 = Release|Any CPU
		{DD5D7C6D-E652-4309-8E1D-4C8B4C0AEEFD}.Debug|Any CPU.ActiveCfg = Debug|Any CPU
		{DD5D7C6D-E652-4309-8E1D-4C8B4C0AEEFD}.Debug|Any CPU.Build.0 = Debug|Any CPU
		{DD5D7C6D-E652-4309-8E1D-4C8B4C0AEEFD}.Release|Any CPU.ActiveCfg = Release|Any CPU
		{DD5D7C6D-E652-4309-8E1D-4C8B4C0AEEFD}.Release|Any CPU.Build.0 = Release|Any CPU
		{91E45FEC-C135-4087-BAE8-7C63A2532275}.Debug|Any CPU.ActiveCfg = Debug|Any CPU
		{91E45FEC-C135-4087-BAE8-7C63A2532275}.Debug|Any CPU.Build.0 = Debug|Any CPU
		{91E45FEC-C135-4087-BAE8-7C63A2532275}.Release|Any CPU.ActiveCfg = Release|Any CPU
		{91E45FEC-C135-4087-BAE8-7C63A2532275}.Release|Any CPU.Build.0 = Release|Any CPU
	EndGlobalSection
	GlobalSection(SolutionProperties) = preSolution
		HideSolutionNode = FALSE
	EndGlobalSection
	GlobalSection(ExtensibilityGlobals) = postSolution
		SolutionGuid = {D698082C-6989-4DEC-9590-92EA977254CD}
	EndGlobalSection
EndGlobal
